
Microsoft Visual Studio Solution File, Format Version 12.00
# Visual Studio Version 17
VisualStudioVersion = 17.11.35208.52
MinimumVisualStudioVersion = 10.0.40219.1
Project("{9A19103F-16F7-4668-BE54-9A1E7A4F7556}") = "DeviceLib.SensorOmron", "DeviceLib.SensorOmron\DeviceLib.SensorOmron.csproj", "{174916D8-E4DD-4D50-B0E2-0B75A6C17FFA}"
EndProject
Project("{FAE04EC0-301F-11D3-BF4B-00C04F79EFBC}") = "Example", "Example\Example.csproj", "{EE3AEE57-BE84-4B35-A5A4-3FB566C1F75A}"
EndProject
Project("{2150E333-8FDC-42A3-9474-1A3956D46DE8}") = "Example", "Example", "{FF059738-DFA8-4546-8E6A-F5015BDFA38E}"
EndProject
Project("{2150E333-8FDC-42A3-9474-1A3956D46DE8}") = "Library", "Library", "{3170CD8A-85D5-4D96-A248-73EB1AB3429C}"
EndProject
Project("{2150E333-8FDC-42A3-9474-1A3956D46DE8}") = "Solution Items", "Solution Items", "{076272F3-8C3E-4DFF-A167-40D1E26592A7}"
	ProjectSection(SolutionItems) = preProject
		.editorconfig = .editorconfig
		.gitattributes = .gitattributes
		.gitignore = .gitignore
		Analyzers.ruleset = Analyzers.ruleset
		DeviceLib.SensorOmron.sln.DotSettings = DeviceLib.SensorOmron.sln.DotSettings
		Directory.Build.props = Directory.Build.props
		Directory.Build.targets = Directory.Build.targets
		LICENSE = LICENSE
		README.md = README.md
	EndProjectSection
EndProject
Global
	GlobalSection(SolutionConfigurationPlatforms) = preSolution
		Debug|Any CPU = Debug|Any CPU
		Release|Any CPU = Release|Any CPU
	EndGlobalSection
	GlobalSection(ProjectConfigurationPlatforms) = postSolution
		{174916D8-E4DD-4D50-B0E2-0B75A6C17FFA}.Debug|Any CPU.ActiveCfg = Debug|Any CPU
		{174916D8-E4DD-4D50-B0E2-0B75A6C17FFA}.Debug|Any CPU.Build.0 = Debug|Any CPU
		{174916D8-E4DD-4D50-B0E2-0B75A6C17FFA}.Release|Any CPU.ActiveCfg = Release|Any CPU
		{174916D8-E4DD-4D50-B0E2-0B75A6C17FFA}.Release|Any CPU.Build.0 = Release|Any CPU
		{EE3AEE57-BE84-4B35-A5A4-3FB566C1F75A}.Debug|Any CPU.ActiveCfg = Debug|Any CPU
		{EE3AEE57-BE84-4B35-A5A4-3FB566C1F75A}.Debug|Any CPU.Build.0 = Debug|Any CPU
		{EE3AEE57-BE84-4B35-A5A4-3FB566C1F75A}.Release|Any CPU.ActiveCfg = Release|Any CPU
		{EE3AEE57-BE84-4B35-A5A4-3FB566C1F75A}.Release|Any CPU.Build.0 = Release|Any CPU
	EndGlobalSection
	GlobalSection(SolutionProperties) = preSolution
		HideSolutionNode = FALSE
	EndGlobalSection
	GlobalSection(NestedProjects) = preSolution
		{174916D8-E4DD-4D50-B0E2-0B75A6C17FFA} = {3170CD8A-85D5-4D96-A248-73EB1AB3429C}
		{EE3AEE57-BE84-4B35-A5A4-3FB566C1F75A} = {FF059738-DFA8-4546-8E6A-F5015BDFA38E}
	EndGlobalSection
	GlobalSection(ExtensibilityGlobals) = postSolution
		SolutionGuid = {4564003F-031D-49DC-9BDE-1E4E64C24BC0}
	EndGlobalSection
EndGlobal
